
Microsoft Visual Studio Solution File, Format Version 11.00
# Visual Studio 2010
Project("{FAE04EC0-301F-11D3-BF4B-00C04F79EFBC}") = "GraphicObjectCollection", "GraphicObjectCollection\GraphicObjectCollection.csproj", "{132F1DD5-2C75-461B-A70C-0B2E2E662BB9}"
EndProject
Global
	GlobalSection(SolutionConfigurationPlatforms) = preSolution
		Debug|x86 = Debug|x86
		Release|x86 = Release|x86
	EndGlobalSection
	GlobalSection(ProjectConfigurationPlatforms) = postSolution
		{132F1DD5-2C75-461B-A70C-0B2E2E662BB9}.Debug|x86.ActiveCfg = Debug|x86
		{132F1DD5-2C75-461B-A70C-0B2E2E662BB9}.Debug|x86.Build.0 = Debug|x86
		{132F1DD5-2C75-461B-A70C-0B2E2E662BB9}.Release|x86.ActiveCfg = Release|x86
		{132F1DD5-2C75-461B-A70C-0B2E2E662BB9}.Release|x86.Build.0 = Release|x86
	EndGlobalSection
	GlobalSection(SolutionProperties) = preSolution
		HideSolutionNode = FALSE
	EndGlobalSection
EndGlobal
